
Microsoft Visual Studio Solution File, Format Version 12.00
# Visual Studio 15
VisualStudioVersion = 15.0.26124.0
MinimumVisualStudioVersion = 15.0.26124.0
Project("{FAE04EC0-301F-11D3-BF4B-00C04F79EFBC}") = "Matrix.Agent.Registry", "Matrix.Agent.Registry\Matrix.Agent.Registry.csproj", "{D89CAAF6-44BF-4E7F-86EE-089ABAAC859C}"
EndProject
Project("{FAE04EC0-301F-11D3-BF4B-00C04F79EFBC}") = "Matrix.Agent.Registry.Business", "Matrix.Agent.Registry.Business\Matrix.Agent.Registry.Business.csproj", "{97B9AC25-46A9-4634-ADF2-B67AC200590B}"
EndProject
Project("{FAE04EC0-301F-11D3-BF4B-00C04F79EFBC}") = "Matrix.Agent.Registry.Database", "Matrix.Agent.Registry.Database\Matrix.Agent.Registry.Database.csproj", "{8EEE2413-FB9D-4655-9630-8EDF9DF4FC5B}"
EndProject
Project("{FAE04EC0-301F-11D3-BF4B-00C04F79EFBC}") = "Matrix.Agent.Registry.Model", "Matrix.Agent.Registry.Model\Matrix.Agent.Registry.Model.csproj", "{8B053665-05DE-4B9A-A33E-AEE0FA7A2E76}"
EndProject
Global
	GlobalSection(SolutionConfigurationPlatforms) = preSolution
		Debug|Any CPU = Debug|Any CPU
		Debug|x64 = Debug|x64
		Debug|x86 = Debug|x86
		Release|Any CPU = Release|Any CPU
		Release|x64 = Release|x64
		Release|x86 = Release|x86
	EndGlobalSection
	GlobalSection(SolutionProperties) = preSolution
		HideSolutionNode = FALSE
	EndGlobalSection
	GlobalSection(ProjectConfigurationPlatforms) = postSolution
		{D89CAAF6-44BF-4E7F-86EE-089ABAAC859C}.Debug|Any CPU.ActiveCfg = Debug|Any CPU
		{D89CAAF6-44BF-4E7F-86EE-089ABAAC859C}.Debug|Any CPU.Build.0 = Debug|Any CPU
		{D89CAAF6-44BF-4E7F-86EE-089ABAAC859C}.Debug|x64.ActiveCfg = Debug|Any CPU
		{D89CAAF6-44BF-4E7F-86EE-089ABAAC859C}.Debug|x64.Build.0 = Debug|Any CPU
		{D89CAAF6-44BF-4E7F-86EE-089ABAAC859C}.Debug|x86.ActiveCfg = Debug|Any CPU
		{D89CAAF6-44BF-4E7F-86EE-089ABAAC859C}.Debug|x86.Build.0 = Debug|Any CPU
		{D89CAAF6-44BF-4E7F-86EE-089ABAAC859C}.Release|Any CPU.ActiveCfg = Release|Any CPU
		{D89CAAF6-44BF-4E7F-86EE-089ABAAC859C}.Release|Any CPU.Build.0 = Release|Any CPU
		{D89CAAF6-44BF-4E7F-86EE-089ABAAC859C}.Release|x64.ActiveCfg = Release|Any CPU
		{D89CAAF6-44BF-4E7F-86EE-089ABAAC859C}.Release|x64.Build.0 = Release|Any CPU
		{D89CAAF6-44BF-4E7F-86EE-089ABAAC859C}.Release|x86.ActiveCfg = Release|Any CPU
		{D89CAAF6-44BF-4E7F-86EE-089ABAAC859C}.Release|x86.Build.0 = Release|Any CPU
		{97B9AC25-46A9-4634-ADF2-B67AC200590B}.Debug|Any CPU.ActiveCfg = Debug|Any CPU
		{97B9AC25-46A9-4634-ADF2-B67AC200590B}.Debug|Any CPU.Build.0 = Debug|Any CPU
		{97B9AC25-46A9-4634-ADF2-B67AC200590B}.Debug|x64.ActiveCfg = Debug|Any CPU
		{97B9AC25-46A9-4634-ADF2-B67AC200590B}.Debug|x64.Build.0 = Debug|Any CPU
		{97B9AC25-46A9-4634-ADF2-B67AC200590B}.Debug|x86.ActiveCfg = Debug|Any CPU
		{97B9AC25-46A9-4634-ADF2-B67AC200590B}.Debug|x86.Build.0 = Debug|Any CPU
		{97B9AC25-46A9-4634-ADF2-B67AC200590B}.Release|Any CPU.ActiveCfg = Release|Any CPU
		{97B9AC25-46A9-4634-ADF2-B67AC200590B}.Release|Any CPU.Build.0 = Release|Any CPU
		{97B9AC25-46A9-4634-ADF2-B67AC200590B}.Release|x64.ActiveCfg = Release|Any CPU
		{97B9AC25-46A9-4634-ADF2-B67AC200590B}.Release|x64.Build.0 = Release|Any CPU
		{97B9AC25-46A9-4634-ADF2-B67AC200590B}.Release|x86.ActiveCfg = Release|Any CPU
		{97B9AC25-46A9-4634-ADF2-B67AC200590B}.Release|x86.Build.0 = Release|Any CPU
		{8EEE2413-FB9D-4655-9630-8EDF9DF4FC5B}.Debug|Any CPU.ActiveCfg = Debug|Any CPU
		{8EEE2413-FB9D-4655-9630-8EDF9DF4FC5B}.Debug|Any CPU.Build.0 = Debug|Any CPU
		{8EEE2413-FB9D-4655-9630-8EDF9DF4FC5B}.Debug|x64.ActiveCfg = Debug|Any CPU
		{8EEE2413-FB9D-4655-9630-8EDF9DF4FC5B}.Debug|x64.Build.0 = Debug|Any CPU
		{8EEE2413-FB9D-4655-9630-8EDF9DF4FC5B}.Debug|x86.ActiveCfg = Debug|Any CPU
		{8EEE2413-FB9D-4655-9630-8EDF9DF4FC5B}.Debug|x86.Build.0 = Debug|Any CPU
		{8EEE2413-FB9D-4655-9630-8EDF9DF4FC5B}.Release|Any CPU.ActiveCfg = Release|Any CPU
		{8EEE2413-FB9D-4655-9630-8EDF9DF4FC5B}.Release|Any CPU.Build.0 = Release|Any CPU
		{8EEE2413-FB9D-4655-9630-8EDF9DF4FC5B}.Release|x64.ActiveCfg = Release|Any CPU
		{8EEE2413-FB9D-4655-9630-8EDF9DF4FC5B}.Release|x64.Build.0 = Release|Any CPU
		{8EEE2413-FB9D-4655-9630-8EDF9DF4FC5B}.Release|x86.ActiveCfg = Release|Any CPU
		{8EEE2413-FB9D-4655-9630-8EDF9DF4FC5B}.Release|x86.Build.0 = Release|Any CPU
		{8B053665-05DE-4B9A-A33E-AEE0FA7A2E76}.Debug|Any CPU.ActiveCfg = Debug|Any CPU
		{8B053665-05DE-4B9A-A33E-AEE0FA7A2E76}.Debug|Any CPU.Build.0 = Debug|Any CPU
		{8B053665-05DE-4B9A-A33E-AEE0FA7A2E76}.Debug|x64.ActiveCfg = Debug|Any CPU
		{8B053665-05DE-4B9A-A33E-AEE0FA7A2E76}.Debug|x64.Build.0 = Debug|Any CPU
		{8B053665-05DE-4B9A-A33E-AEE0FA7A2E76}.Debug|x86.ActiveCfg = Debug|Any CPU
		{8B053665-05DE-4B9A-A33E-AEE0FA7A2E76}.Debug|x86.Build.0 = Debug|Any CPU
		{8B053665-05DE-4B9A-A33E-AEE0FA7A2E76}.Release|Any CPU.ActiveCfg = Release|Any CPU
		{8B053665-05DE-4B9A-A33E-AEE0FA7A2E76}.Release|Any CPU.Build.0 = Release|Any CPU
		{8B053665-05DE-4B9A-A33E-AEE0FA7A2E76}.Release|x64.ActiveCfg = Release|Any CPU
		{8B053665-05DE-4B9A-A33E-AEE0FA7A2E76}.Release|x64.Build.0 = Release|Any CPU
		{8B053665-05DE-4B9A-A33E-AEE0FA7A2E76}.Release|x86.ActiveCfg = Release|Any CPU
		{8B053665-05DE-4B9A-A33E-AEE0FA7A2E76}.Release|x86.Build.0 = Release|Any CPU
	EndGlobalSection
EndGlobal
